
Microsoft Visual Studio Solution File, Format Version 12.00
# Visual Studio Version 17
VisualStudioVersion = 17.13.35806.99 d17.13
MinimumVisualStudioVersion = 10.0.40219.1
Project("{FAE04EC0-301F-11D3-BF4B-00C04F79EFBC}") = "SocialApp", "SocialApp\SocialApp.csproj", "{CFFD86EA-F894-4CB4-8217-456651D29762}"
EndProject
Global
	GlobalSection(SolutionConfigurationPlatforms) = preSolution
		Debug|Any CPU = Debug|Any CPU
		Release|Any CPU = Release|Any CPU
	EndGlobalSection
	GlobalSection(ProjectConfigurationPlatforms) = postSolution
		{CFFD86EA-F894-4CB4-8217-456651D29762}.Debug|Any CPU.ActiveCfg = Debug|Any CPU
		{CFFD86EA-F894-4CB4-8217-456651D29762}.Debug|Any CPU.Build.0 = Debug|Any CPU
		{CFFD86EA-F894-4CB4-8217-456651D29762}.Release|Any CPU.ActiveCfg = Release|Any CPU
		{CFFD86EA-F894-4CB4-8217-456651D29762}.Release|Any CPU.Build.0 = Release|Any CPU
	EndGlobalSection
	GlobalSection(SolutionProperties) = preSolution
		HideSolutionNode = FALSE
	EndGlobalSection
	GlobalSection(ExtensibilityGlobals) = postSolution
		SolutionGuid = {0ADAB83D-38E5-4713-AC1F-CC64B23CB4DD}
	EndGlobalSection
EndGlobal
